{
  "pins" : [
    {
      "identity" : "agorartcengine_ios",
      "kind" : "remoteSourceControl",
      "location" : "https://github.com/AgoraIO/AgoraRtcEngine_iOS.git",
      "state" : {
        "revision" : "579a3b98dfcad8df6df3c09a94577b8e0dc8e9a1",
        "version" : "4.2.0"
      }
    },
    {
      "identity" : "agorartm_ios",
      "kind" : "remoteSourceControl",
      "location" : "https://github.com/AgoraIO/AgoraRtm_iOS",
      "state" : {
        "revision" : "2e87ada22df8110cf85b9f18c2ac08083f4f63f4",
        "version" : "1.5.1"
      }
    },
    {
      "identity" : "snapkit",
      "kind" : "remoteSourceControl",
      "location" : "https://github.com/SnapKit/SnapKit",
      "state" : {
        "revision" : "f222cbdf325885926566172f6f5f06af95473158",
        "version" : "5.6.0"
      }
    }
  ],
  "version" : 2
}
